
Microsoft Visual Studio Solution File, Format Version 12.00
# Visual Studio Version 17
VisualStudioVersion = 17.3.32901.215
MinimumVisualStudioVersion = 10.0.40219.1
Project("{FAE04EC0-301F-11D3-BF4B-00C04F79EFBC}") = "Encapsulation", "Encapsulation\Encapsulation.csproj", "{095FB119-39F4-4EEC-ABEA-3CF6E252E498}"
EndProject
Global
	GlobalSection(SolutionConfigurationPlatforms) = preSolution
		Debug|Any CPU = Debug|Any CPU
		Release|Any CPU = Release|Any CPU
	EndGlobalSection
	GlobalSection(ProjectConfigurationPlatforms) = postSolution
		{095FB119-39F4-4EEC-ABEA-3CF6E252E498}.Debug|Any CPU.ActiveCfg = Debug|Any CPU
		{095FB119-39F4-4EEC-ABEA-3CF6E252E498}.Debug|Any CPU.Build.0 = Debug|Any CPU
		{095FB119-39F4-4EEC-ABEA-3CF6E252E498}.Release|Any CPU.ActiveCfg = Release|Any CPU
		{095FB119-39F4-4EEC-ABEA-3CF6E252E498}.Release|Any CPU.Build.0 = Release|Any CPU
	EndGlobalSection
	GlobalSection(SolutionProperties) = preSolution
		HideSolutionNode = FALSE
	EndGlobalSection
	GlobalSection(ExtensibilityGlobals) = postSolution
		SolutionGuid = {205C0108-3F7E-4802-BC5F-DE5EFF90C71B}
	EndGlobalSection
EndGlobal
